
Microsoft Visual Studio Solution File, Format Version 11.00
# Visual Studio 2010
Project("{FAE04EC0-301F-11D3-BF4B-00C04F79EFBC}") = "SilverlightInspector.Web", "SilverlightInspector.Web\SilverlightInspector.Web.csproj", "{ECF925F9-EEBB-4482-A2F1-73F77C8FDA23}"
EndProject
Project("{FAE04EC0-301F-11D3-BF4B-00C04F79EFBC}") = "SilverlightInspector", "SilverlightInspector\SilverlightInspector.csproj", "{C8D2979F-0E57-4C40-B552-5419DDCB205B}"
EndProject
Project("{FAE04EC0-301F-11D3-BF4B-00C04F79EFBC}") = "SilverlightInspector.Example", "SilverlightInspector.Example\SilverlightInspector.Example.csproj", "{E0BDECFE-614C-4EB0-B72E-6BC4EBA5D852}"
EndProject
Project("{FAE04EC0-301F-11D3-BF4B-00C04F79EFBC}") = "SilverlightInspector.Tests", "SilverlightInspector.Tests\SilverlightInspector.Tests.csproj", "{5D3EA924-FC93-48BC-9BA3-7C0B548F7252}"
EndProject
Project("{2150E333-8FDC-42A3-9474-1A3956D46DE8}") = ".nuget", ".nuget", "{875C3B7B-19D6-44B2-9CB7-C46FA5E9727C}"
EndProject
Global
	GlobalSection(SolutionConfigurationPlatforms) = preSolution
		Debug|Any CPU = Debug|Any CPU
		Release|Any CPU = Release|Any CPU
	EndGlobalSection
	GlobalSection(ProjectConfigurationPlatforms) = postSolution
		{ECF925F9-EEBB-4482-A2F1-73F77C8FDA23}.Debug|Any CPU.ActiveCfg = Debug|Any CPU
		{ECF925F9-EEBB-4482-A2F1-73F77C8FDA23}.Debug|Any CPU.Build.0 = Debug|Any CPU
		{ECF925F9-EEBB-4482-A2F1-73F77C8FDA23}.Release|Any CPU.ActiveCfg = Release|Any CPU
		{ECF925F9-EEBB-4482-A2F1-73F77C8FDA23}.Release|Any CPU.Build.0 = Release|Any CPU
		{C8D2979F-0E57-4C40-B552-5419DDCB205B}.Debug|Any CPU.ActiveCfg = Debug|Any CPU
		{C8D2979F-0E57-4C40-B552-5419DDCB205B}.Debug|Any CPU.Build.0 = Debug|Any CPU
		{C8D2979F-0E57-4C40-B552-5419DDCB205B}.Release|Any CPU.ActiveCfg = Release|Any CPU
		{C8D2979F-0E57-4C40-B552-5419DDCB205B}.Release|Any CPU.Build.0 = Release|Any CPU
		{E0BDECFE-614C-4EB0-B72E-6BC4EBA5D852}.Debug|Any CPU.ActiveCfg = Debug|Any CPU
		{E0BDECFE-614C-4EB0-B72E-6BC4EBA5D852}.Debug|Any CPU.Build.0 = Debug|Any CPU
		{E0BDECFE-614C-4EB0-B72E-6BC4EBA5D852}.Release|Any CPU.ActiveCfg = Release|Any CPU
		{E0BDECFE-614C-4EB0-B72E-6BC4EBA5D852}.Release|Any CPU.Build.0 = Release|Any CPU
		{5D3EA924-FC93-48BC-9BA3-7C0B548F7252}.Debug|Any CPU.ActiveCfg = Debug|Any CPU
		{5D3EA924-FC93-48BC-9BA3-7C0B548F7252}.Debug|Any CPU.Build.0 = Debug|Any CPU
		{5D3EA924-FC93-48BC-9BA3-7C0B548F7252}.Release|Any CPU.ActiveCfg = Release|Any CPU
		{5D3EA924-FC93-48BC-9BA3-7C0B548F7252}.Release|Any CPU.Build.0 = Release|Any CPU
	EndGlobalSection
	GlobalSection(SolutionProperties) = preSolution
		HideSolutionNode = FALSE
	EndGlobalSection
EndGlobal
